github.com/gordonklaus/portaudio v0.0.0-20200911161147-bb74aa485641 h1:B7ADnac3Yy6Vtcp2mstnsjUtarYcjy4AL0R6eNEhZAk=
github.com/gordonklaus/portaudio v0.0.0-20200911161147-bb74aa485641/go.mod h1:HfYnZi/ARQKG0dwH5HNDmPCHdLiFiBf+SI7DbhW7et4=
github.com/hajimehoshi/oto/v2 v2.0.2 h1:kbMCXhKAZMVyhEEyIqEqmSf4xjfk3HPAf1tMcyKCsN0=
github.com/hajimehoshi/oto/v2 v2.0.2/go.mod h1:rUKQmwMkqmRxe+IAof9+tuYA2ofm8cAWXFmSfzDN8vQ=
github.com/mattn/go-runewidth v0.0.9 h1:Lm995f3rfxdpd6TSmuVCHVb/QhupuXlYr8sCI/QdE+0=
github.com/mattn/go-runewidth v0.0.9/go.mod h1:H031xJmbD/WCDINGzjvQ9THkh0rPKHF+m2gUSrubnMI=
github.com/nsf/termbox-go v1.1.1 h1:nksUPLCb73Q++DwbYUBEglYBRPZyoXJdrj5L+TkjyZY=
github.com/nsf/termbox-go v1.1.1/go.mod h1:T0cTdVuOwf7pHQNtfhnEbzHbcNyCEcVU4YPpouCbVxo=
gitlab.com/gomidi/midi v1.21.0/go.mod h1:3ohtNOhqoSakkuLG/Li1OI6I3J1c2LErnJF5o/VBq1c=
gitlab.com/gomidi/midi v1.23.7 h1:I6qKoIk9s9dcX+pNf0jC+tziCzJFn82bMpuntRkLeik=
gitlab.com/gomidi/midi v1.23.7/go.mod h1:3ohtNOhqoSakkuLG/Li1OI6I3J1c2LErnJF5o/VBq1c=
gitlab.com/gomidi/rtmididrv v0.14.0 h1:IBkDsqXs1RuFoRWgQbyYEpwe0hoXZ17FLTZaJuyXWx0=
gitlab.com/gomidi/rtmididrv v0.14.0/go.mod h1:p/6IL1LGgj7utcv3wXudsDWiD9spgAdn0O8LDsGIPG0=
golang.org/x/exp v0.0.0-20190306152737-a1d7652674e8/go.mod h1:CJ0aWSM057203Lf6IL+f9T1iT9GByDxfZKAQTCR3kQA=
golang.org/x/image v0.0.0-20190227222117-0694c2d4d067/go.mod h1:kZ7UVZpmo3dzQBMxlp+ypCbDeSB+sBbTgSJuh5dn5js=
golang.org/x/mobile v0.0.0-20190415191353-3e0bab5405d6/go.mod h1:E/iHnbuqvinMTCcRqshq8CkpyQDoeVncDDYHnLhea+o=
golang.org/x/sys v0.0.0-20190312061237-fead79001313/go.mod h1:h1NjWce9XRLGQEsW7wpKNCjG9DtNlClVuFLEZdDNbEs=
golang.org/x/sys v0.0.0-20190429190828-d89cdac9e872 h1:cGjJzUd8RgBw428LXP65YXni0aiGNA4Bl+ls8SmLOm8=
golang.org/x/sys v0.0.0-20190429190828-d89cdac9e872/go.mod h1:h1NjWce9XRLGQEsW7wpKNCjG9DtNlClVuFLEZdDNbEs=
golang.org/x/text v0.3.0/go.mod h1:NqM8EUOU14njkJ3fqMW+pc6Ldnwhi/IjpwHt7yyuwOQ=
